
Microsoft Visual Studio Solution File, Format Version 12.00
# Visual Studio Version 16
VisualStudioVersion = 16.0.31729.503
MinimumVisualStudioVersion = 10.0.40219.1
Project("{8BC9CEB8-8B4A-11D0-8D11-00A0C91BC942}") = "binary_heap", "binary_heap.vcxproj", "{5ED73938-5EF3-45E3-A7B4-C505902EAD15}"
EndProject
Global
	GlobalSection(SolutionConfigurationPlatforms) = preSolution
		Debug|x64 = Debug|x64
		Debug|x86 = Debug|x86
		Release|x64 = Release|x64
		Release|x86 = Release|x86
	EndGlobalSection
	GlobalSection(ProjectConfigurationPlatforms) = postSolution
		{5ED73938-5EF3-45E3-A7B4-C505902EAD15}.Debug|x64.ActiveCfg = Debug|x64
		{5ED73938-5EF3-45E3-A7B4-C505902EAD15}.Debug|x64.Build.0 = Debug|x64
		{5ED73938-5EF3-45E3-A7B4-C505902EAD15}.Debug|x86.ActiveCfg = Debug|Win32
		{5ED73938-5EF3-45E3-A7B4-C505902EAD15}.Debug|x86.Build.0 = Debug|Win32
		{5ED73938-5EF3-45E3-A7B4-C505902EAD15}.Release|x64.ActiveCfg = Release|x64
		{5ED73938-5EF3-45E3-A7B4-C505902EAD15}.Release|x64.Build.0 = Release|x64
		{5ED73938-5EF3-45E3-A7B4-C505902EAD15}.Release|x86.ActiveCfg = Release|Win32
		{5ED73938-5EF3-45E3-A7B4-C505902EAD15}.Release|x86.Build.0 = Release|Win32
	EndGlobalSection
	GlobalSection(SolutionProperties) = preSolution
		HideSolutionNode = FALSE
	EndGlobalSection
	GlobalSection(ExtensibilityGlobals) = postSolution
		SolutionGuid = {816EE23E-7656-4466-9973-DCC8C87A1FF0}
	EndGlobalSection
EndGlobal
